
Microsoft Visual Studio Solution File, Format Version 12.00
# Visual Studio Version 17
VisualStudioVersion = 17.0.31611.283
MinimumVisualStudioVersion = 10.0.40219.1
Project("{9A19103F-16F7-4668-BE54-9A1E7A4F7556}") = "Maui-32-Feet_Issue", "Maui-32-Feet_Issue\Maui-32-Feet_Issue.csproj", "{6C5DDC04-3232-4E15-8C4F-CCC038C986CA}"
EndProject
Project("{FAE04EC0-301F-11D3-BF4B-00C04F79EFBC}") = "WPF-32-Feet_Issue", "WPF-32-Feet_Issue\WPF-32-Feet_Issue.csproj", "{F02E92FC-371C-4267-93E5-C82460AA5E81}"
EndProject
Global
	GlobalSection(SolutionConfigurationPlatforms) = preSolution
		Debug|Any CPU = Debug|Any CPU
		Release|Any CPU = Release|Any CPU
	EndGlobalSection
	GlobalSection(ProjectConfigurationPlatforms) = postSolution
		{6C5DDC04-3232-4E15-8C4F-CCC038C986CA}.Debug|Any CPU.ActiveCfg = Debug|Any CPU
		{6C5DDC04-3232-4E15-8C4F-CCC038C986CA}.Debug|Any CPU.Build.0 = Debug|Any CPU
		{6C5DDC04-3232-4E15-8C4F-CCC038C986CA}.Debug|Any CPU.Deploy.0 = Debug|Any CPU
		{6C5DDC04-3232-4E15-8C4F-CCC038C986CA}.Release|Any CPU.ActiveCfg = Release|Any CPU
		{6C5DDC04-3232-4E15-8C4F-CCC038C986CA}.Release|Any CPU.Build.0 = Release|Any CPU
		{6C5DDC04-3232-4E15-8C4F-CCC038C986CA}.Release|Any CPU.Deploy.0 = Release|Any CPU
		{F02E92FC-371C-4267-93E5-C82460AA5E81}.Debug|Any CPU.ActiveCfg = Debug|Any CPU
		{F02E92FC-371C-4267-93E5-C82460AA5E81}.Debug|Any CPU.Build.0 = Debug|Any CPU
		{F02E92FC-371C-4267-93E5-C82460AA5E81}.Release|Any CPU.ActiveCfg = Release|Any CPU
		{F02E92FC-371C-4267-93E5-C82460AA5E81}.Release|Any CPU.Build.0 = Release|Any CPU
	EndGlobalSection
	GlobalSection(SolutionProperties) = preSolution
		HideSolutionNode = FALSE
	EndGlobalSection
	GlobalSection(ExtensibilityGlobals) = postSolution
		SolutionGuid = {61F7FB11-1E47-470C-91E2-47F8143E1572}
	EndGlobalSection
EndGlobal
